
Microsoft Visual Studio Solution File, Format Version 10.00
# Visual Studio 2008
Project("{8BC9CEB8-8B4A-11D0-8D11-00A0C91BC942}") = "libQR", "libQR\libQR.vcproj", "{39975969-7B5C-40E0-A03D-A1C54A204212}"
EndProject
Project("{8BC9CEB8-8B4A-11D0-8D11-00A0C91BC942}") = "testlib", "testlib\testlib.vcproj", "{20719D19-9ED3-4293-B72B-2C38EA5B1521}"
EndProject
Global
	GlobalSection(SolutionConfigurationPlatforms) = preSolution
		Debug|Win32 = Debug|Win32
		Release|Win32 = Release|Win32
	EndGlobalSection
	GlobalSection(ProjectConfigurationPlatforms) = postSolution
		{39975969-7B5C-40E0-A03D-A1C54A204212}.Debug|Win32.ActiveCfg = Debug|Win32
		{39975969-7B5C-40E0-A03D-A1C54A204212}.Debug|Win32.Build.0 = Debug|Win32
		{39975969-7B5C-40E0-A03D-A1C54A204212}.Release|Win32.ActiveCfg = Release|Win32
		{39975969-7B5C-40E0-A03D-A1C54A204212}.Release|Win32.Build.0 = Release|Win32
		{20719D19-9ED3-4293-B72B-2C38EA5B1521}.Debug|Win32.ActiveCfg = Debug|Win32
		{20719D19-9ED3-4293-B72B-2C38EA5B1521}.Debug|Win32.Build.0 = Debug|Win32
		{20719D19-9ED3-4293-B72B-2C38EA5B1521}.Release|Win32.ActiveCfg = Release|Win32
		{20719D19-9ED3-4293-B72B-2C38EA5B1521}.Release|Win32.Build.0 = Release|Win32
	EndGlobalSection
	GlobalSection(SolutionProperties) = preSolution
		HideSolutionNode = FALSE
	EndGlobalSection
EndGlobal
